{
  "version": 4,
  "terraform_version": "1.8.5",
  "serial": 4,
  "lineage": "a955daa4-3df2-9a41-0abf-7a8f63c932f4",
  "outputs": {},
  "resources": [
    {
      "mode": "data",
      "type": "yandex_compute_image",
      "name": "lemp_image",
      "provider": "provider[\"registry.terraform.io/yandex-cloud/yandex\"]",
      "instances": [
        {
          "schema_version": 0,
          "attributes": {
            "created_at": "2024-06-17T10:58:15Z",
            "description": "LEMP",
            "family": "lemp",
            "folder_id": "standard-images",
            "id": "fd87euk8fsjb1mptqo3b",
            "image_id": "fd87euk8fsjb1mptqo3b",
            "labels": {},
            "min_disk_size": 3,
            "name": "lemp-v20240617",
            "os_type": "linux",
            "pooled": true,
            "product_ids": [
              "f2e2r87o8nlh485g7vbl",
              "f2ef3fk7e9fd0mfmcsrh"
            ],
            "size": 2,
            "status": "ready"
          },
          "sensitive_attributes": []
        }
      ]
    },
    {
      "mode": "managed",
      "type": "yandex_compute_instance",
      "name": "vm-1",
      "provider": "provider[\"registry.terraform.io/yandex-cloud/yandex\"]",
      "instances": [
        {
          "status": "tainted",
          "schema_version": 1,
          "attributes": {
            "allow_recreate": null,
            "allow_stopping_for_update": null,
            "boot_disk": [
              {
                "auto_delete": true,
                "device_name": "",
                "disk_id": "",
                "initialize_params": [
                  {
                    "block_size": 0,
                    "description": "",
                    "image_id": "fd87euk8fsjb1mptqo3b",
                    "name": "",
                    "size": 0,
                    "snapshot_id": "",
                    "type": "network-hdd"
                  }
                ],
                "mode": ""
              }
            ],
            "created_at": null,
            "description": null,
            "filesystem": [],
            "folder_id": null,
            "fqdn": null,
            "gpu_cluster_id": null,
            "hostname": null,
            "id": "fhmlu1asrtfd0ji5j6vr",
            "labels": null,
            "local_disk": [],
            "maintenance_grace_period": null,
            "maintenance_policy": null,
            "metadata": {
              "ssh-keys": "ubuntu:ssh-rsa AAAAB3NzaC1yc2EAAAADAQABAAACAQDE/bWEwub/9IXYtbHyFp8GBlOQSvCPG7OPalfuw/791ETWkmShNrUM5Edo7Cjzl5+FhqzM+RJj/Tvve0V1CLaQEKkgmONJ92PrZaMB+F1p/0651KOvk6+z7X++ulb9Cz4tC3zeW2Yw7Lb9ShAQlWN+7Z9lQqjBor5SaE/QKYssGafIIZaafupsg7WuOqg22+5SwyrgM6QKWvo/3dAkhafqR62XERVavWt2/g2UdUYkNVbS3r7ZsWgf+W99GtH4IFHczKEPq72GawCSz75j6fth2H5Sn1KRsw2dwxcbC7RKbUAjejleoncIkNts6MlGFRWq66sLUAOyWZbJUwf7ir1qXWJdPreOtkoSZaQuJchSoQP4Wmr74wFy19h64R7ZV7yoEr02B5wWP+i8TVoD8No33XKEYTjUAxhKcdwddfDVtAVUdj+dIVkH5Qr1bg6JgSnwSuId3iv0WN5yFvMbdy9yK2/SrCOQN2ChKVV37/r6JxCD04JJnw4wxEIDAjy4GX1Ea6QCisQr7orOjS14gTVWjYYeQCSpMoChmYMTjPpt/h1Pu+dadnxQU1bWkPzeK7TBBLrokf5w549CM1ng7sw2482gr4OFEjMM+W/X3jjpkQbgtExBAbAjAHz8EJQVXyHJRabC/DBBIXGOn+EcMeUsC01mvE86KOwPFBb0ZX0Z7w==\n"
            },
            "metadata_options": null,
            "name": "vm-1",
            "network_acceleration_type": "standard",
            "network_interface": [
              {
                "dns_record": [],
                "index": 0,
                "ip_address": "",
                "ipv4": true,
                "ipv6": false,
                "ipv6_address": "",
                "ipv6_dns_record": [],
                "mac_address": "",
                "nat": true,
                "nat_dns_record": [],
                "nat_ip_address": "",
                "nat_ip_version": "",
                "security_group_ids": [],
                "subnet_id": "e9b8t0oph1r1dthekihl"
              }
            ],
            "placement_policy": null,
            "platform_id": "standard-v1",
            "resources": [
              {
                "core_fraction": 100,
                "cores": 2,
                "gpus": 0,
                "memory": 2
              }
            ],
            "scheduling_policy": null,
            "secondary_disk": [],
            "service_account_id": null,
            "status": null,
            "timeouts": null,
            "zone": null
          },
          "sensitive_attributes": [],
          "private": "eyJlMmJmYjczMC1lY2FhLTExZTYtOGY4OC0zNDM2M2JjN2M0YzAiOnsiY3JlYXRlIjozMDAwMDAwMDAwMDAsImRlbGV0ZSI6MzAwMDAwMDAwMDAwLCJ1cGRhdGUiOjMwMDAwMDAwMDAwMH0sInNjaGVtYV92ZXJzaW9uIjoiMSJ9",
          "dependencies": [
            "data.yandex_compute_image.lemp_image",
            "yandex_vpc_network.sf-b7-network",
            "yandex_vpc_subnet.sf-b7-default-subnet"
          ]
        }
      ]
    },
    {
      "mode": "managed",
      "type": "yandex_vpc_network",
      "name": "sf-b7-network",
      "provider": "provider[\"registry.terraform.io/yandex-cloud/yandex\"]",
      "instances": [
        {
          "schema_version": 0,
          "attributes": {
            "created_at": "2024-06-18T10:49:01Z",
            "default_security_group_id": "enp25h6u0ihq4821d91j",
            "description": "",
            "folder_id": "b1g7uc1o2ksdq1aj9rr2",
            "id": "enpnqeq5pq3i45akk7qq",
            "labels": {},
            "name": "",
            "subnet_ids": [],
            "timeouts": null
          },
          "sensitive_attributes": [],
          "private": "eyJlMmJmYjczMC1lY2FhLTExZTYtOGY4OC0zNDM2M2JjN2M0YzAiOnsiY3JlYXRlIjo2MDAwMDAwMDAwMCwiZGVsZXRlIjo2MDAwMDAwMDAwMCwidXBkYXRlIjo2MDAwMDAwMDAwMH19"
        }
      ]
    },
    {
      "mode": "managed",
      "type": "yandex_vpc_subnet",
      "name": "sf-b7-default-subnet",
      "provider": "provider[\"registry.terraform.io/yandex-cloud/yandex\"]",
      "instances": [
        {
          "schema_version": 0,
          "attributes": {
            "created_at": "2024-06-18T10:49:03Z",
            "description": "",
            "dhcp_options": [],
            "folder_id": "b1g7uc1o2ksdq1aj9rr2",
            "id": "e9b8t0oph1r1dthekihl",
            "labels": {},
            "name": "",
            "network_id": "enpnqeq5pq3i45akk7qq",
            "route_table_id": "",
            "timeouts": null,
            "v4_cidr_blocks": [
              "10.127.10.0/24"
            ],
            "v6_cidr_blocks": [],
            "zone": "ru-central1-a"
          },
          "sensitive_attributes": [],
          "private": "eyJlMmJmYjczMC1lY2FhLTExZTYtOGY4OC0zNDM2M2JjN2M0YzAiOnsiY3JlYXRlIjoxODAwMDAwMDAwMDAsImRlbGV0ZSI6MTgwMDAwMDAwMDAwLCJ1cGRhdGUiOjE4MDAwMDAwMDAwMH19",
          "dependencies": [
            "yandex_vpc_network.sf-b7-network"
          ]
        }
      ]
    }
  ],
  "check_results": null
}
